dependencies:
- name: timescaledb-single
  repository: https://charts.timescale.com
  version: 0.13.1
- name: grafana
  repository: https://grafana.github.io/helm-charts
  version: 6.32.6
- name: initdb
  repository: file://charts/initdb
  version: 0.1.0
- name: datacollector
  repository: file://charts/datacollector
  version: 0.1.0
- name: fastapi
  repository: file://charts/fastapi
  version: 0.1.0
- name: mockup
  repository: file://charts/mockup
  version: 0.1.0
- name: transform-raw-nextbike-data
  repository: file://charts/transform-raw-nextbike-data
  version: 0.1.0
digest: sha256:245a98c4c0423f4fc777c91aa99142f6223e18f83801d5878f095182ee98a8b7
generated: "2022-07-30T00:34:48.115347729+02:00"
