dependencies:
- name: timescaledb-single
  repository: https://charts.timescale.com
  version: 0.13.1
- name: grafana
  repository: https://grafana.github.io/helm-charts
  version: 6.32.6
- name: initdb
  repository: file://charts/initdb
  version: 0.1.0
- name: datacollector
  repository: file://charts/datacollector
  version: 0.1.0
- name: fastapi
  repository: file://charts/fastapi
  version: 0.1.0
digest: sha256:da53d9d2b7aa347f6f4fa3db4ac43198f0fb0ed6a34c07bce830deadeeec3f03
generated: "2022-07-26T13:24:35.118879178+02:00"
